
Microsoft Visual Studio Solution File, Format Version 12.00
# Visual Studio Version 16
VisualStudioVersion = 16.0.31112.23
MinimumVisualStudioVersion = 10.0.40219.1
Project("{FAE04EC0-301F-11D3-BF4B-00C04F79EFBC}") = "app", "app.csproj", "{9F832C3B-ED01-4707-BA5B-09D88EC937E6}"
EndProject
Global
	GlobalSection(SolutionConfigurationPlatforms) = preSolution
		Debug|Any CPU = Debug|Any CPU
		Release|Any CPU = Release|Any CPU
	EndGlobalSection
	GlobalSection(ProjectConfigurationPlatforms) = postSolution
		{9F832C3B-ED01-4707-BA5B-09D88EC937E6}.Debug|Any CPU.ActiveCfg = Debug|Any CPU
		{9F832C3B-ED01-4707-BA5B-09D88EC937E6}.Debug|Any CPU.Build.0 = Debug|Any CPU
		{9F832C3B-ED01-4707-BA5B-09D88EC937E6}.Release|Any CPU.ActiveCfg = Release|Any CPU
		{9F832C3B-ED01-4707-BA5B-09D88EC937E6}.Release|Any CPU.Build.0 = Release|Any CPU
	EndGlobalSection
	GlobalSection(SolutionProperties) = preSolution
		HideSolutionNode = FALSE
	EndGlobalSection
	GlobalSection(ExtensibilityGlobals) = postSolution
		SolutionGuid = {C872A845-74E3-40D8-9B39-FCB0A481E94C}
	EndGlobalSection
EndGlobal
